
Microsoft Visual Studio Solution File, Format Version 12.00
# Visual Studio Version 16
VisualStudioVersion = 16.0.31410.357
MinimumVisualStudioVersion = 10.0.40219.1
Project("{FAE04EC0-301F-11D3-BF4B-00C04F79EFBC}") = "Caliph.API", "Caliph.API\Caliph.API.csproj", "{943BDCAE-6B8C-4974-8A83-DF67182276E8}"
EndProject
Project("{FAE04EC0-301F-11D3-BF4B-00C04F79EFBC}") = "Caliph.Library", "Caliph.Library\Caliph.Library.csproj", "{275FF44C-7177-4041-A551-E45EE0007D62}"
EndProject
Project("{FAE04EC0-301F-11D3-BF4B-00C04F79EFBC}") = "CaliphConsoleApp", "CaliphConsoleApp\CaliphConsoleApp.csproj", "{1E985A38-C9CA-4444-BB24-BF4359934879}"
EndProject
Global
	GlobalSection(SolutionConfigurationPlatforms) = preSolution
		Debug|Any CPU = Debug|Any CPU
		Release|Any CPU = Release|Any CPU
	EndGlobalSection
	GlobalSection(ProjectConfigurationPlatforms) = postSolution
		{943BDCAE-6B8C-4974-8A83-DF67182276E8}.Debug|Any CPU.ActiveCfg = Debug|Any CPU
		{943BDCAE-6B8C-4974-8A83-DF67182276E8}.Debug|Any CPU.Build.0 = Debug|Any CPU
		{943BDCAE-6B8C-4974-8A83-DF67182276E8}.Release|Any CPU.ActiveCfg = Release|Any CPU
		{943BDCAE-6B8C-4974-8A83-DF67182276E8}.Release|Any CPU.Build.0 = Release|Any CPU
		{275FF44C-7177-4041-A551-E45EE0007D62}.Debug|Any CPU.ActiveCfg = Debug|Any CPU
		{275FF44C-7177-4041-A551-E45EE0007D62}.Debug|Any CPU.Build.0 = Debug|Any CPU
		{275FF44C-7177-4041-A551-E45EE0007D62}.Release|Any CPU.ActiveCfg = Release|Any CPU
		{275FF44C-7177-4041-A551-E45EE0007D62}.Release|Any CPU.Build.0 = Release|Any CPU
		{1E985A38-C9CA-4444-BB24-BF4359934879}.Debug|Any CPU.ActiveCfg = Debug|Any CPU
		{1E985A38-C9CA-4444-BB24-BF4359934879}.Debug|Any CPU.Build.0 = Debug|Any CPU
		{1E985A38-C9CA-4444-BB24-BF4359934879}.Release|Any CPU.ActiveCfg = Release|Any CPU
		{1E985A38-C9CA-4444-BB24-BF4359934879}.Release|Any CPU.Build.0 = Release|Any CPU
	EndGlobalSection
	GlobalSection(SolutionProperties) = preSolution
		HideSolutionNode = FALSE
	EndGlobalSection
	GlobalSection(ExtensibilityGlobals) = postSolution
		SolutionGuid = {AB467884-69BF-4864-84CB-9D7F35F84809}
	EndGlobalSection
EndGlobal
